// !$*UTF8*$!
{
	archiveVersion = 1;
	classes = {
	};
	objectVersion = 50;
	objects = {

/* Begin PBXBuildFile section */
		0F58799D224620EF00D92B71 /* AppDelegate.swift in Sources */ = {isa = PBXBuildFile; fileRef = 0F58799C224620EF00D92B71 /* AppDelegate.swift */; };
		0F58799F224620EF00D92B71 /* GamesViewController.swift in Sources */ = {isa = PBXBuildFile; fileRef = 0F58799E224620EF00D92B71 /* GamesViewController.swift */; };
		0F5879A7224620F100D92B71 /* LaunchScreen.storyboard in Resources */ = {isa = PBXBuildFile; fileRef = 0F5879A5224620F100D92B71 /* LaunchScreen.storyboard */; };
		0F5879AF2246279F00D92B71 /* GameTableViewCell.swift in Sources */ = {isa = PBXBuildFile; fileRef = 0F5879AE2246279F00D92B71 /* GameTableViewCell.swift */; };
		0FDD342022477CD80062F82A /* Game.swift in Sources */ = {isa = PBXBuildFile; fileRef = 0FDD341F22477CD80062F82A /* Game.swift */; };
		0FDD342222477D880062F82A /* GamesViewModel.swift in Sources */ = {isa = PBXBuildFile; fileRef = 0FDD342122477D880062F82A /* GamesViewModel.swift */; };
		0FDD3424224781950062F82A /* Assets.xcassets in Resources */ = {isa = PBXBuildFile; fileRef = 0FDD3423224781950062F82A /* Assets.xcassets */; };
		0FDD342622479B0E0062F82A /* ScreenShot.png in Resources */ = {isa = PBXBuildFile; fileRef = 0FDD342522479B0E0062F82A /* ScreenShot.png */; };
/* End PBXBuildFile section */

/* Begin PBXFileReference section */
		0F587999224620EF00D92B71 /* NoStoryboard-Demo.app */ = {isa = PBXFileReference; explicitFileType = wrapper.application; includeInIndex = 0; path = "NoStoryboard-Demo.app"; sourceTree = BUILT_PRODUCTS_DIR; };
		0F58799C224620EF00D92B71 /* AppDelegate.swift */ = {isa = PBXFileReference; lastKnownFileType = sourcecode.swift; path = AppDelegate.swift; sourceTree = "<group>"; };
		0F58799E224620EF00D92B71 /* GamesViewController.swift */ = {isa = PBXFileReference; lastKnownFileType = sourcecode.swift; path = GamesViewController.swift; sourceTree = "<group>"; };
		0F5879A6224620F100D92B71 /* Base */ = {isa = PBXFileReference; lastKnownFileType = file.storyboard; name = Base; path = Base.lproj/LaunchScreen.storyboard; sourceTree = "<group>"; };
		0F5879A8224620F100D92B71 /* Info.plist */ = {isa = PBXFileReference; lastKnownFileType = text.plist.xml; path = Info.plist; sourceTree = "<group>"; };
		0F5879AE2246279F00D92B71 /* GameTableViewCell.swift */ = {isa = PBXFileReference; lastKnownFileType = sourcecode.swift; path = GameTableViewCell.swift; sourceTree = "<group>"; };
		0FDD341F22477CD80062F82A /* Game.swift */ = {isa = PBXFileReference; lastKnownFileType = sourcecode.swift; path = Game.swift; sourceTree = "<group>"; };
		0FDD342122477D880062F82A /* GamesViewModel.swift */ = {isa = PBXFileReference; lastKnownFileType = sourcecode.swift; path = GamesViewModel.swift; sourceTree = "<group>"; };
		0FDD3423224781950062F82A /* Assets.xcassets */ = {isa = PBXFileReference; lastKnownFileType = folder.assetcatalog; path = Assets.xcassets; sourceTree = "<group>"; };
		0FDD342522479B0E0062F82A /* ScreenShot.png */ = {isa = PBXFileReference; lastKnownFileType = image.png; path = ScreenShot.png; sourceTree = "<group>"; };
/* End PBXFileReference section */

/* Begin PBXFrameworksBuildPhase section */
		0F587996224620EF00D92B71 /* Frameworks */ = {
			isa = PBXFrameworksBuildPhase;
			buildActionMask = 2147483647;
			files = (
			);
			runOnlyForDeploymentPostprocessing = 0;
		};
/* End PBXFrameworksBuildPhase section */

/* Begin PBXGroup section */
		0F587990224620EF00D92B71 = {
			isa = PBXGroup;
			children = (
				0F58799B224620EF00D92B71 /* NoStoryboard-Demo */,
				0F58799A224620EF00D92B71 /* Products */,
			);
			sourceTree = "<group>";
		};
		0F58799A224620EF00D92B71 /* Products */ = {
			isa = PBXGroup;
			children = (
				0F587999224620EF00D92B71 /* NoStoryboard-Demo.app */,
			);
			name = Products;
			sourceTree = "<group>";
		};
		0F58799B224620EF00D92B71 /* NoStoryboard-Demo */ = {
			isa = PBXGroup;
			children = (
				0F58799C224620EF00D92B71 /* AppDelegate.swift */,
				0FDD3423224781950062F82A /* Assets.xcassets */,
				0FDD341F22477CD80062F82A /* Game.swift */,
				0F58799E224620EF00D92B71 /* GamesViewController.swift */,
				0FDD342122477D880062F82A /* GamesViewModel.swift */,
				0F5879AE2246279F00D92B71 /* GameTableViewCell.swift */,
				0F5879A8224620F100D92B71 /* Info.plist */,
				0F5879A5224620F100D92B71 /* LaunchScreen.storyboard */,
				0FDD342522479B0E0062F82A /* ScreenShot.png */,
			);
			path = "NoStoryboard-Demo";
			sourceTree = "<group>";
		};
/* End PBXGroup section */

/* Begin PBXNativeTarget section */
		0F587998224620EF00D92B71 /* NoStoryboard-Demo */ = {
			isa = PBXNativeTarget;
			buildConfigurationList = 0F5879AB224620F100D92B71 /* Build configuration list for PBXNativeTarget "NoStoryboard-Demo" */;
			buildPhases = (
				0F587995224620EF00D92B71 /* Sources */,
				0F587996224620EF00D92B71 /* Frameworks */,
				0F587997224620EF00D92B71 /* Resources */,
			);
			buildRules = (
			);
			dependencies = (
			);
			name = "NoStoryboard-Demo";
			productName = "NoStoryboard-Demo";
			productReference = 0F587999224620EF00D92B71 /* NoStoryboard-Demo.app */;
			productType = "com.apple.product-type.application";
		};
/* End PBXNativeTarget section */

/* Begin PBXProject section */
		0F587991224620EF00D92B71 /* Project object */ = {
			isa = PBXProject;
			attributes = {
				LastSwiftUpdateCheck = 1010;
				LastUpgradeCheck = 1010;
				ORGANIZATIONNAME = "Kent Winder";
				TargetAttributes = {
					0F587998224620EF00D92B71 = {
						CreatedOnToolsVersion = 10.1;
					};
				};
			};
			buildConfigurationList = 0F587994224620EF00D92B71 /* Build configuration list for PBXProject "NoStoryboard-Demo" */;
			compatibilityVersion = "Xcode 9.3";
			developmentRegion = en;
			hasScannedForEncodings = 0;
			knownRegions = (
				en,
				Base,
			);
			mainGroup = 0F587990224620EF00D92B71;
			productRefGroup = 0F58799A224620EF00D92B71 /* Products */;
			projectDirPath = "";
			projectRoot = "";
			targets = (
				0F587998224620EF00D92B71 /* NoStoryboard-Demo */,
			);
		};
/* End PBXProject section */

/* Begin PBXResourcesBuildPhase section */
		0F587997224620EF00D92B71 /* Resources */ = {
			isa = PBXResourcesBuildPhase;
			buildActionMask = 2147483647;
			files = (
				0FDD3424224781950062F82A /* Assets.xcassets in Resources */,
				0F5879A7224620F100D92B71 /* LaunchScreen.storyboard in Resources */,
				0FDD342622479B0E0062F82A /* ScreenShot.png in Resources */,
			);
			runOnlyForDeploymentPostprocessing = 0;
		};
/* End PBXResourcesBuildPhase section */

/* Begin PBXSourcesBuildPhase section */
		0F587995224620EF00D92B71 /* Sources */ = {
			isa = PBXSourcesBuildPhase;
			buildActionMask = 2147483647;
			files = (
				0F58799F224620EF00D92B71 /* GamesViewController.swift in Sources */,
				0F58799D224620EF00D92B71 /* AppDelegate.swift in Sources */,
				0F5879AF2246279F00D92B71 /* GameTableViewCell.swift in Sources */,
				0FDD342222477D880062F82A /* GamesViewModel.swift in Sources */,
				0FDD342022477CD80062F82A /* Game.swift in Sources */,
			);
			runOnlyForDeploymentPostprocessing = 0;
		};
/* End PBXSourcesBuildPhase section */

/* Begin PBXVariantGroup section */
		0F5879A5224620F100D92B71 /* LaunchScreen.storyboard */ = {
			isa = PBXVariantGroup;
			children = (
				0F5879A6224620F100D92B71 /* Base */,
			);
			name = LaunchScreen.storyboard;
			sourceTree = "<group>";
		};
/* End PBXVariantGroup section */

/* Begin XCBuildConfiguration section */
		0F5879A9224620F100D92B71 /* Debug */ = {
			isa = XCBuildConfiguration;
			buildSettings = {
				ALWAYS_SEARCH_USER_PATHS = NO;
				CLANG_ANALYZER_NONNULL = YES;
				CLANG_ANALYZER_NUMBER_OBJECT_CONVERSION = YES_AGGRESSIVE;
				CLANG_CXX_LANGUAGE_STANDARD = "gnu++14";
				CLANG_CXX_LIBRARY = "libc++";
				CLANG_ENABLE_MODULES = YES;
				CLANG_ENABLE_OBJC_ARC = YES;
				CLANG_ENABLE_OBJC_WEAK = YES;
				CLANG_WARN_BLOCK_CAPTURE_AUTORELEASING = YES;
				CLANG_WARN_BOOL_CONVERSION = YES;
				CLANG_WARN_COMMA = YES;
				CLANG_WARN_CONSTANT_CONVERSION = YES;
				CLANG_WARN_DEPRECATED_OBJC_IMPLEMENTATIONS = YES;
				CLANG_WARN_DIRECT_OBJC_ISA_USAGE = YES_ERROR;
				CLANG_WARN_DOCUMENTATION_COMMENTS = YES;
				CLANG_WARN_EMPTY_BODY = YES;
				CLANG_WARN_ENUM_CONVERSION = YES;
				CLANG_WARN_INFINITE_RECURSION = YES;
				CLANG_WARN_INT_CONVERSION = YES;
				CLANG_WARN_NON_LITERAL_NULL_CONVERSION = YES;
				CLANG_WARN_OBJC_IMPLICIT_RETAIN_SELF = YES;
				CLANG_WARN_OBJC_LITERAL_CONVERSION = YES;
				CLANG_WARN_OBJC_ROOT_CLASS = YES_ERROR;
				CLANG_WARN_RANGE_LOOP_ANALYSIS = YES;
				CLANG_WARN_STRICT_PROTOTYPES = YES;
				CLANG_WARN_SUSPICIOUS_MOVE = YES;
				CLANG_WARN_UNGUARDED_AVAILABILITY = YES_AGGRESSIVE;
				CLANG_WARN_UNREACHABLE_CODE = YES;
				CLANG_WARN__DUPLICATE_METHOD_MATCH = YES;
				CODE_SIGN_IDENTITY = "iPhone Developer";
				COPY_PHASE_STRIP = NO;
				DEBUG_INFORMATION_FORMAT = dwarf;
				ENABLE_STRICT_OBJC_MSGSEND = YES;
				ENABLE_TESTABILITY = YES;
				GCC_C_LANGUAGE_STANDARD = gnu11;
				GCC_DYNAMIC_NO_PIC = NO;
				GCC_NO_COMMON_BLOCKS = YES;
				GCC_OPTIMIZATION_LEVEL = 0;
				GCC_PREPROCESSOR_DEFINITIONS = (
					"DEBUG=1",
					"$(inherited)",
				);
				GCC_WARN_64_TO_32_BIT_CONVERSION = YES;
				GCC_WARN_ABOUT_RETURN_TYPE = YES_ERROR;
				GCC_WARN_UNDECLARED_SELECTOR = YES;
				GCC_WARN_UNINITIALIZED_AUTOS = YES_AGGRESSIVE;
				GCC_WARN_UNUSED_FUNCTION = YES;
				GCC_WARN_UNUSED_VARIABLE = YES;
				IPHONEOS_DEPLOYMENT_TARGET = 12.1;
				MTL_ENABLE_DEBUG_INFO = INCLUDE_SOURCE;
				MTL_FAST_MATH = YES;
				ONLY_ACTIVE_ARCH = YES;
				SDKROOT = iphoneos;
				SWIFT_ACTIVE_COMPILATION_CONDITIONS = DEBUG;
				SWIFT_OPTIMIZATION_LEVEL = "-Onone";
			};
			name = Debug;
		};
		0F5879AA224620F100D92B71 /* Release */ = {
			isa = XCBuildConfiguration;
			buildSettings = {
				ALWAYS_SEARCH_USER_PATHS = NO;
				CLANG_ANALYZER_NONNULL = YES;
				CLANG_ANALYZER_NUMBER_OBJECT_CONVERSION = YES_AGGRESSIVE;
				CLANG_CXX_LANGUAGE_STANDARD = "gnu++14";
				CLANG_CXX_LIBRARY = "libc++";
				CLANG_ENABLE_MODULES = YES;
				CLANG_ENABLE_OBJC_ARC = YES;
				CLANG_ENABLE_OBJC_WEAK = YES;
				CLANG_WARN_BLOCK_CAPTURE_AUTORELEASING = YES;
				CLANG_WARN_BOOL_CONVERSION = YES;
				CLANG_WARN_COMMA = YES;
				CLANG_WARN_CONSTANT_CONVERSION = YES;
				CLANG_WARN_DEPRECATED_OBJC_IMPLEMENTATIONS = YES;
				CLANG_WARN_DIRECT_OBJC_ISA_USAGE = YES_ERROR;
				CLANG_WARN_DOCUMENTATION_COMMENTS = YES;
				CLANG_WARN_EMPTY_BODY = YES;
				CLANG_WARN_ENUM_CONVERSION = YES;
				CLANG_WARN_INFINITE_RECURSION = YES;
				CLANG_WARN_INT_CONVERSION = YES;
				CLANG_WARN_NON_LITERAL_NULL_CONVERSION = YES;
				CLANG_WARN_OBJC_IMPLICIT_RETAIN_SELF = YES;
				CLANG_WARN_OBJC_LITERAL_CONVERSION = YES;
				CLANG_WARN_OBJC_ROOT_CLASS = YES_ERROR;
				CLANG_WARN_RANGE_LOOP_ANALYSIS = YES;
				CLANG_WARN_STRICT_PROTOTYPES = YES;
				CLANG_WARN_SUSPICIOUS_MOVE = YES;
				CLANG_WARN_UNGUARDED_AVAILABILITY = YES_AGGRESSIVE;
				CLANG_WARN_UNREACHABLE_CODE = YES;
				CLANG_WARN__DUPLICATE_METHOD_MATCH = YES;
				CODE_SIGN_IDENTITY = "iPhone Developer";
				COPY_PHASE_STRIP = NO;
				DEBUG_INFORMATION_FORMAT = "dwarf-with-dsym";
				ENABLE_NS_ASSERTIONS = NO;
				ENABLE_STRICT_OBJC_MSGSEND = YES;
				GCC_C_LANGUAGE_STANDARD = gnu11;
				GCC_NO_COMMON_BLOCKS = YES;
				GCC_WARN_64_TO_32_BIT_CONVERSION = YES;
				GCC_WARN_ABOUT_RETURN_TYPE = YES_ERROR;
				GCC_WARN_UNDECLARED_SELECTOR = YES;
				GCC_WARN_UNINITIALIZED_AUTOS = YES_AGGRESSIVE;
				GCC_WARN_UNUSED_FUNCTION = YES;
				GCC_WARN_UNUSED_VARIABLE = YES;
				IPHONEOS_DEPLOYMENT_TARGET = 12.1;
				MTL_ENABLE_DEBUG_INFO = NO;
				MTL_FAST_MATH = YES;
				SDKROOT = iphoneos;
				SWIFT_COMPILATION_MODE = wholemodule;
				SWIFT_OPTIMIZATION_LEVEL = "-O";
				VALIDATE_PRODUCT = YES;
			};
			name = Release;
		};
		0F5879AC224620F100D92B71 /* Debug */ = {
			isa = XCBuildConfiguration;
			buildSettings = {
				ASSETCATALOG_COMPILER_APPICON_NAME = AppIcon;
				CODE_SIGN_STYLE = Automatic;
				DEVELOPMENT_TEAM = 8PPXZRVXVT;
				INFOPLIST_FILE = "NoStoryboard-Demo/Info.plist";
				LD_RUNPATH_SEARCH_PATHS = (
					"$(inherited)",
					"@executable_path/Frameworks",
				);
				PRODUCT_BUNDLE_IDENTIFIER = "com.awesome.NoStoryboard-Demo";
				PRODUCT_NAME = "$(TARGET_NAME)";
				SWIFT_VERSION = 4.2;
				TARGETED_DEVICE_FAMILY = "1,2";
			};
			name = Debug;
		};
		0F5879AD224620F100D92B71 /* Release */ = {
			isa = XCBuildConfiguration;
			buildSettings = {
				ASSETCATALOG_COMPILER_APPICON_NAME = AppIcon;
				CODE_SIGN_STYLE = Automatic;
				DEVELOPMENT_TEAM = 8PPXZRVXVT;
				INFOPLIST_FILE = "NoStoryboard-Demo/Info.plist";
				LD_RUNPATH_SEARCH_PATHS = (
					"$(inherited)",
					"@executable_path/Frameworks",
				);
				PRODUCT_BUNDLE_IDENTIFIER = "com.awesome.NoStoryboard-Demo";
				PRODUCT_NAME = "$(TARGET_NAME)";
				SWIFT_VERSION = 4.2;
				TARGETED_DEVICE_FAMILY = "1,2";
			};
			name = Release;
		};
/* End XCBuildConfiguration section */

/* Begin XCConfigurationList section */
		0F587994224620EF00D92B71 /* Build configuration list for PBXProject "NoStoryboard-Demo" */ = {
			isa = XCConfigurationList;
			buildConfigurations = (
				0F5879A9224620F100D92B71 /* Debug */,
				0F5879AA224620F100D92B71 /* Release */,
			);
			defaultConfigurationIsVisible = 0;
			defaultConfigurationName = Release;
		};
		0F5879AB224620F100D92B71 /* Build configuration list for PBXNativeTarget "NoStoryboard-Demo" */ = {
			isa = XCConfigurationList;
			buildConfigurations = (
				0F5879AC224620F100D92B71 /* Debug */,
				0F5879AD224620F100D92B71 /* Release */,
			);
			defaultConfigurationIsVisible = 0;
			defaultConfigurationName = Release;
		};
/* End XCConfigurationList section */
	};
	rootObject = 0F587991224620EF00D92B71 /* Project object */;
}
